
Microsoft Visual Studio Solution File, Format Version 12.00
# Visual Studio Version 17
VisualStudioVersion = 17.1.32228.430
MinimumVisualStudioVersion = 10.0.40219.1
Project("{9A19103F-16F7-4668-BE54-9A1E7A4F7556}") = "WestCoastEducationApi", "WestCoastEducationApi\WestCoastEducationApi.csproj", "{69566A2C-269D-43C2-8E83-AEC2235BAD88}"
EndProject
Project("{FAE04EC0-301F-11D3-BF4B-00C04F79EFBC}") = "WestCoastEducationApp", "WestCoastEducationApp\WestCoastEducationApp.csproj", "{BA818628-2052-4957-9CCD-5F000BCE2165}"
EndProject
Global
	GlobalSection(SolutionConfigurationPlatforms) = preSolution
		Debug|Any CPU = Debug|Any CPU
		Release|Any CPU = Release|Any CPU
	EndGlobalSection
	GlobalSection(ProjectConfigurationPlatforms) = postSolution
		{69566A2C-269D-43C2-8E83-AEC2235BAD88}.Debug|Any CPU.ActiveCfg = Debug|Any CPU
		{69566A2C-269D-43C2-8E83-AEC2235BAD88}.Debug|Any CPU.Build.0 = Debug|Any CPU
		{69566A2C-269D-43C2-8E83-AEC2235BAD88}.Release|Any CPU.ActiveCfg = Release|Any CPU
		{69566A2C-269D-43C2-8E83-AEC2235BAD88}.Release|Any CPU.Build.0 = Release|Any CPU
		{BA818628-2052-4957-9CCD-5F000BCE2165}.Debug|Any CPU.ActiveCfg = Debug|Any CPU
		{BA818628-2052-4957-9CCD-5F000BCE2165}.Debug|Any CPU.Build.0 = Debug|Any CPU
		{BA818628-2052-4957-9CCD-5F000BCE2165}.Release|Any CPU.ActiveCfg = Release|Any CPU
		{BA818628-2052-4957-9CCD-5F000BCE2165}.Release|Any CPU.Build.0 = Release|Any CPU
	EndGlobalSection
	GlobalSection(SolutionProperties) = preSolution
		HideSolutionNode = FALSE
	EndGlobalSection
	GlobalSection(ExtensibilityGlobals) = postSolution
		SolutionGuid = {DBD6D696-77E8-4043-B356-D5C82681B525}
	EndGlobalSection
EndGlobal
